// !$*UTF8*$!
{
	archiveVersion = 1;
	classes = {
	};
	objectVersion = 46;
	objects = {

/* Begin PBXBuildFile section */
		4BD3A71C1CAEC37200627E5D /* RESTRequest.h in Headers */ = {isa = PBXBuildFile; fileRef = 4BD3A71B1CAEC37200627E5D /* RESTRequest.h */; settings = {ATTRIBUTES = (Public, ); }; };
		4BD3A7271CAEC3D300627E5D /* RESTRequest.h in Headers */ = {isa = PBXBuildFile; fileRef = 4BD3A71B1CAEC37200627E5D /* RESTRequest.h */; settings = {ATTRIBUTES = (Public, ); }; };
		4BD3A7321CAEC3D300627E5D /* RESTRequest.h in Headers */ = {isa = PBXBuildFile; fileRef = 4BD3A71B1CAEC37200627E5D /* RESTRequest.h */; settings = {ATTRIBUTES = (Public, ); }; };
		4BD3A73D1CAEC3D400627E5D /* RESTRequest.h in Headers */ = {isa = PBXBuildFile; fileRef = 4BD3A71B1CAEC37200627E5D /* RESTRequest.h */; settings = {ATTRIBUTES = (Public, ); }; };
		4BD3A7521CAEC3FC00627E5D /* SessionStackHolder.swift in Sources */ = {isa = PBXBuildFile; fileRef = 4BD3A7441CAEC3FC00627E5D /* SessionStackHolder.swift */; };
		4BD3A7531CAEC3FC00627E5D /* SessionStackHolder.swift in Sources */ = {isa = PBXBuildFile; fileRef = 4BD3A7441CAEC3FC00627E5D /* SessionStackHolder.swift */; };
		4BD3A7541CAEC3FC00627E5D /* SessionStackHolder.swift in Sources */ = {isa = PBXBuildFile; fileRef = 4BD3A7441CAEC3FC00627E5D /* SessionStackHolder.swift */; };
		4BD3A7551CAEC3FC00627E5D /* SessionStackHolder.swift in Sources */ = {isa = PBXBuildFile; fileRef = 4BD3A7441CAEC3FC00627E5D /* SessionStackHolder.swift */; };
		4BD3A7561CAEC3FC00627E5D /* AnonymousSessionStack.swift in Sources */ = {isa = PBXBuildFile; fileRef = 4BD3A7451CAEC3FC00627E5D /* AnonymousSessionStack.swift */; };
		4BD3A7571CAEC3FC00627E5D /* AnonymousSessionStack.swift in Sources */ = {isa = PBXBuildFile; fileRef = 4BD3A7451CAEC3FC00627E5D /* AnonymousSessionStack.swift */; };
		4BD3A7581CAEC3FC00627E5D /* AnonymousSessionStack.swift in Sources */ = {isa = PBXBuildFile; fileRef = 4BD3A7451CAEC3FC00627E5D /* AnonymousSessionStack.swift */; };
		4BD3A7591CAEC3FC00627E5D /* AnonymousSessionStack.swift in Sources */ = {isa = PBXBuildFile; fileRef = 4BD3A7451CAEC3FC00627E5D /* AnonymousSessionStack.swift */; };
		4BD3A75A1CAEC3FC00627E5D /* SessionStackType.swift in Sources */ = {isa = PBXBuildFile; fileRef = 4BD3A7461CAEC3FC00627E5D /* SessionStackType.swift */; };
		4BD3A75B1CAEC3FC00627E5D /* SessionStackType.swift in Sources */ = {isa = PBXBuildFile; fileRef = 4BD3A7461CAEC3FC00627E5D /* SessionStackType.swift */; };
		4BD3A75C1CAEC3FC00627E5D /* SessionStackType.swift in Sources */ = {isa = PBXBuildFile; fileRef = 4BD3A7461CAEC3FC00627E5D /* SessionStackType.swift */; };
		4BD3A75D1CAEC3FC00627E5D /* SessionStackType.swift in Sources */ = {isa = PBXBuildFile; fileRef = 4BD3A7461CAEC3FC00627E5D /* SessionStackType.swift */; };
		4BD3A75E1CAEC3FC00627E5D /* JSONResponseType.swift in Sources */ = {isa = PBXBuildFile; fileRef = 4BD3A7471CAEC3FC00627E5D /* JSONResponseType.swift */; };
		4BD3A75F1CAEC3FC00627E5D /* JSONResponseType.swift in Sources */ = {isa = PBXBuildFile; fileRef = 4BD3A7471CAEC3FC00627E5D /* JSONResponseType.swift */; };
		4BD3A7601CAEC3FC00627E5D /* JSONResponseType.swift in Sources */ = {isa = PBXBuildFile; fileRef = 4BD3A7471CAEC3FC00627E5D /* JSONResponseType.swift */; };
		4BD3A7611CAEC3FC00627E5D /* JSONResponseType.swift in Sources */ = {isa = PBXBuildFile; fileRef = 4BD3A7471CAEC3FC00627E5D /* JSONResponseType.swift */; };
		4BD3A7621CAEC3FC00627E5D /* DELETERequestContextType.swift in Sources */ = {isa = PBXBuildFile; fileRef = 4BD3A7481CAEC3FC00627E5D /* DELETERequestContextType.swift */; };
		4BD3A7631CAEC3FC00627E5D /* DELETERequestContextType.swift in Sources */ = {isa = PBXBuildFile; fileRef = 4BD3A7481CAEC3FC00627E5D /* DELETERequestContextType.swift */; };
		4BD3A7641CAEC3FC00627E5D /* DELETERequestContextType.swift in Sources */ = {isa = PBXBuildFile; fileRef = 4BD3A7481CAEC3FC00627E5D /* DELETERequestContextType.swift */; };
		4BD3A7651CAEC3FC00627E5D /* DELETERequestContextType.swift in Sources */ = {isa = PBXBuildFile; fileRef = 4BD3A7481CAEC3FC00627E5D /* DELETERequestContextType.swift */; };
		4BD3A7661CAEC3FC00627E5D /* PUTRequestContextType.swift in Sources */ = {isa = PBXBuildFile; fileRef = 4BD3A7491CAEC3FC00627E5D /* PUTRequestContextType.swift */; };
		4BD3A7671CAEC3FC00627E5D /* PUTRequestContextType.swift in Sources */ = {isa = PBXBuildFile; fileRef = 4BD3A7491CAEC3FC00627E5D /* PUTRequestContextType.swift */; };
		4BD3A7681CAEC3FC00627E5D /* PUTRequestContextType.swift in Sources */ = {isa = PBXBuildFile; fileRef = 4BD3A7491CAEC3FC00627E5D /* PUTRequestContextType.swift */; };
		4BD3A7691CAEC3FC00627E5D /* PUTRequestContextType.swift in Sources */ = {isa = PBXBuildFile; fileRef = 4BD3A7491CAEC3FC00627E5D /* PUTRequestContextType.swift */; };
		4BD3A76A1CAEC3FC00627E5D /* POSTRequestContextType.swift in Sources */ = {isa = PBXBuildFile; fileRef = 4BD3A74A1CAEC3FC00627E5D /* POSTRequestContextType.swift */; };
		4BD3A76B1CAEC3FC00627E5D /* POSTRequestContextType.swift in Sources */ = {isa = PBXBuildFile; fileRef = 4BD3A74A1CAEC3FC00627E5D /* POSTRequestContextType.swift */; };
		4BD3A76C1CAEC3FC00627E5D /* POSTRequestContextType.swift in Sources */ = {isa = PBXBuildFile; fileRef = 4BD3A74A1CAEC3FC00627E5D /* POSTRequestContextType.swift */; };
		4BD3A76D1CAEC3FC00627E5D /* POSTRequestContextType.swift in Sources */ = {isa = PBXBuildFile; fileRef = 4BD3A74A1CAEC3FC00627E5D /* POSTRequestContextType.swift */; };
		4BD3A76E1CAEC3FC00627E5D /* GETRequestContextType.swift in Sources */ = {isa = PBXBuildFile; fileRef = 4BD3A74B1CAEC3FC00627E5D /* GETRequestContextType.swift */; };
		4BD3A76F1CAEC3FC00627E5D /* GETRequestContextType.swift in Sources */ = {isa = PBXBuildFile; fileRef = 4BD3A74B1CAEC3FC00627E5D /* GETRequestContextType.swift */; };
		4BD3A7701CAEC3FC00627E5D /* GETRequestContextType.swift in Sources */ = {isa = PBXBuildFile; fileRef = 4BD3A74B1CAEC3FC00627E5D /* GETRequestContextType.swift */; };
		4BD3A7711CAEC3FC00627E5D /* GETRequestContextType.swift in Sources */ = {isa = PBXBuildFile; fileRef = 4BD3A74B1CAEC3FC00627E5D /* GETRequestContextType.swift */; };
		4BD3A7721CAEC3FC00627E5D /* PathRequestType.swift in Sources */ = {isa = PBXBuildFile; fileRef = 4BD3A74C1CAEC3FC00627E5D /* PathRequestType.swift */; };
		4BD3A7731CAEC3FC00627E5D /* PathRequestType.swift in Sources */ = {isa = PBXBuildFile; fileRef = 4BD3A74C1CAEC3FC00627E5D /* PathRequestType.swift */; };
		4BD3A7741CAEC3FC00627E5D /* PathRequestType.swift in Sources */ = {isa = PBXBuildFile; fileRef = 4BD3A74C1CAEC3FC00627E5D /* PathRequestType.swift */; };
		4BD3A7751CAEC3FC00627E5D /* PathRequestType.swift in Sources */ = {isa = PBXBuildFile; fileRef = 4BD3A74C1CAEC3FC00627E5D /* PathRequestType.swift */; };
		4BD3A7761CAEC3FC00627E5D /* RESTRequestError.swift in Sources */ = {isa = PBXBuildFile; fileRef = 4BD3A74D1CAEC3FC00627E5D /* RESTRequestError.swift */; };
		4BD3A7771CAEC3FC00627E5D /* RESTRequestError.swift in Sources */ = {isa = PBXBuildFile; fileRef = 4BD3A74D1CAEC3FC00627E5D /* RESTRequestError.swift */; };
		4BD3A7781CAEC3FC00627E5D /* RESTRequestError.swift in Sources */ = {isa = PBXBuildFile; fileRef = 4BD3A74D1CAEC3FC00627E5D /* RESTRequestError.swift */; };
		4BD3A7791CAEC3FC00627E5D /* RESTRequestError.swift in Sources */ = {isa = PBXBuildFile; fileRef = 4BD3A74D1CAEC3FC00627E5D /* RESTRequestError.swift */; };
		4BD3A77A1CAEC3FC00627E5D /* ManagerRequestType.swift in Sources */ = {isa = PBXBuildFile; fileRef = 4BD3A74E1CAEC3FC00627E5D /* ManagerRequestType.swift */; };
		4BD3A77B1CAEC3FC00627E5D /* ManagerRequestType.swift in Sources */ = {isa = PBXBuildFile; fileRef = 4BD3A74E1CAEC3FC00627E5D /* ManagerRequestType.swift */; };
		4BD3A77C1CAEC3FC00627E5D /* ManagerRequestType.swift in Sources */ = {isa = PBXBuildFile; fileRef = 4BD3A74E1CAEC3FC00627E5D /* ManagerRequestType.swift */; };
		4BD3A77D1CAEC3FC00627E5D /* ManagerRequestType.swift in Sources */ = {isa = PBXBuildFile; fileRef = 4BD3A74E1CAEC3FC00627E5D /* ManagerRequestType.swift */; };
		4BD3A77E1CAEC3FC00627E5D /* ReachabilityService.swift in Sources */ = {isa = PBXBuildFile; fileRef = 4BD3A74F1CAEC3FC00627E5D /* ReachabilityService.swift */; };
		4BD3A77F1CAEC3FC00627E5D /* ReachabilityService.swift in Sources */ = {isa = PBXBuildFile; fileRef = 4BD3A74F1CAEC3FC00627E5D /* ReachabilityService.swift */; };
		4BD3A7801CAEC3FC00627E5D /* ReachabilityService.swift in Sources */ = {isa = PBXBuildFile; fileRef = 4BD3A74F1CAEC3FC00627E5D /* ReachabilityService.swift */; };
		4BD3A7811CAEC3FC00627E5D /* ReachabilityService.swift in Sources */ = {isa = PBXBuildFile; fileRef = 4BD3A74F1CAEC3FC00627E5D /* ReachabilityService.swift */; };
		4BD3A7821CAEC3FC00627E5D /* RequestContext+Rx.swift in Sources */ = {isa = PBXBuildFile; fileRef = 4BD3A7501CAEC3FC00627E5D /* RequestContext+Rx.swift */; };
		4BD3A7831CAEC3FC00627E5D /* RequestContext+Rx.swift in Sources */ = {isa = PBXBuildFile; fileRef = 4BD3A7501CAEC3FC00627E5D /* RequestContext+Rx.swift */; };
		4BD3A7841CAEC3FC00627E5D /* RequestContext+Rx.swift in Sources */ = {isa = PBXBuildFile; fileRef = 4BD3A7501CAEC3FC00627E5D /* RequestContext+Rx.swift */; };
		4BD3A7851CAEC3FC00627E5D /* RequestContext+Rx.swift in Sources */ = {isa = PBXBuildFile; fileRef = 4BD3A7501CAEC3FC00627E5D /* RequestContext+Rx.swift */; };
		4BD3A7861CAEC3FC00627E5D /* Reachability.swift in Sources */ = {isa = PBXBuildFile; fileRef = 4BD3A7511CAEC3FC00627E5D /* Reachability.swift */; };
		4BD3A7871CAEC3FC00627E5D /* Reachability.swift in Sources */ = {isa = PBXBuildFile; fileRef = 4BD3A7511CAEC3FC00627E5D /* Reachability.swift */; };
		4BD3A7881CAEC3FC00627E5D /* Reachability.swift in Sources */ = {isa = PBXBuildFile; fileRef = 4BD3A7511CAEC3FC00627E5D /* Reachability.swift */; };
		4BD3A7891CAEC3FC00627E5D /* Reachability.swift in Sources */ = {isa = PBXBuildFile; fileRef = 4BD3A7511CAEC3FC00627E5D /* Reachability.swift */; };
		766E2A98216E8B380F93C842 /* Pods_RESTRequest_iOS.framework in Frameworks */ = {isa = PBXBuildFile; fileRef = 41E99F233ADC1B986A654F0B /* Pods_RESTRequest_iOS.framework */; };
		D8436F66957AFD982505645A /* Pods_RESTRequest_watchOS.framework in Frameworks */ = {isa = PBXBuildFile; fileRef = 42440360E80DC88F959A5455 /* Pods_RESTRequest_watchOS.framework */; };
		F2152A3DA7ED9B0348E8C655 /* Pods_RESTRequest_tvOS.framework in Frameworks */ = {isa = PBXBuildFile; fileRef = BE07129A42EB5CEC3B805BE8 /* Pods_RESTRequest_tvOS.framework */; };
/* End PBXBuildFile section */

/* Begin PBXFileReference section */
		0398A7A7287B1CF5A3D0A0CD /* Pods-RESTRequest iOS.release.xcconfig */ = {isa = PBXFileReference; includeInIndex = 1; lastKnownFileType = text.xcconfig; name = "Pods-RESTRequest iOS.release.xcconfig"; path = "Pods/Target Support Files/Pods-RESTRequest iOS/Pods-RESTRequest iOS.release.xcconfig"; sourceTree = "<group>"; };
		12B4A2751B4519C8AB14F2E8 /* Pods-RESTRequest iOS.debug.xcconfig */ = {isa = PBXFileReference; includeInIndex = 1; lastKnownFileType = text.xcconfig; name = "Pods-RESTRequest iOS.debug.xcconfig"; path = "Pods/Target Support Files/Pods-RESTRequest iOS/Pods-RESTRequest iOS.debug.xcconfig"; sourceTree = "<group>"; };
		41E99F233ADC1B986A654F0B /* Pods_RESTRequest_iOS.framework */ = {isa = PBXFileReference; explicitFileType = wrapper.framework; includeInIndex = 0; path = Pods_RESTRequest_iOS.framework; sourceTree = BUILT_PRODUCTS_DIR; };
		42440360E80DC88F959A5455 /* Pods_RESTRequest_watchOS.framework */ = {isa = PBXFileReference; explicitFileType = wrapper.framework; includeInIndex = 0; path = Pods_RESTRequest_watchOS.framework; sourceTree = BUILT_PRODUCTS_DIR; };
		4BD3A7181CAEC37200627E5D /* RESTRequest.framework */ = {isa = PBXFileReference; explicitFileType = wrapper.framework; includeInIndex = 0; path = RESTRequest.framework; sourceTree = BUILT_PRODUCTS_DIR; };
		4BD3A71B1CAEC37200627E5D /* RESTRequest.h */ = {isa = PBXFileReference; lastKnownFileType = sourcecode.c.h; path = RESTRequest.h; sourceTree = "<group>"; };
		4BD3A71D1CAEC37200627E5D /* Info.plist */ = {isa = PBXFileReference; lastKnownFileType = text.plist.xml; path = Info.plist; sourceTree = "<group>"; };
		4BD3A72C1CAEC3D300627E5D /* RESTRequest.framework */ = {isa = PBXFileReference; explicitFileType = wrapper.framework; includeInIndex = 0; path = RESTRequest.framework; sourceTree = BUILT_PRODUCTS_DIR; };
		4BD3A7371CAEC3D300627E5D /* RESTRequest.framework */ = {isa = PBXFileReference; explicitFileType = wrapper.framework; includeInIndex = 0; path = RESTRequest.framework; sourceTree = BUILT_PRODUCTS_DIR; };
		4BD3A7421CAEC3D400627E5D /* RESTRequest.framework */ = {isa = PBXFileReference; explicitFileType = wrapper.framework; includeInIndex = 0; path = RESTRequest.framework; sourceTree = BUILT_PRODUCTS_DIR; };
		4BD3A7441CAEC3FC00627E5D /* SessionStackHolder.swift */ = {isa = PBXFileReference; fileEncoding = 4; lastKnownFileType = sourcecode.swift; path = SessionStackHolder.swift; sourceTree = "<group>"; };
		4BD3A7451CAEC3FC00627E5D /* AnonymousSessionStack.swift */ = {isa = PBXFileReference; fileEncoding = 4; lastKnownFileType = sourcecode.swift; path = AnonymousSessionStack.swift; sourceTree = "<group>"; };
		4BD3A7461CAEC3FC00627E5D /* SessionStackType.swift */ = {isa = PBXFileReference; fileEncoding = 4; lastKnownFileType = sourcecode.swift; path = SessionStackType.swift; sourceTree = "<group>"; };
		4BD3A7471CAEC3FC00627E5D /* JSONResponseType.swift */ = {isa = PBXFileReference; fileEncoding = 4; lastKnownFileType = sourcecode.swift; path = JSONResponseType.swift; sourceTree = "<group>"; };
		4BD3A7481CAEC3FC00627E5D /* DELETERequestContextType.swift */ = {isa = PBXFileReference; fileEncoding = 4; lastKnownFileType = sourcecode.swift; path = DELETERequestContextType.swift; sourceTree = "<group>"; };
		4BD3A7491CAEC3FC00627E5D /* PUTRequestContextType.swift */ = {isa = PBXFileReference; fileEncoding = 4; lastKnownFileType = sourcecode.swift; path = PUTRequestContextType.swift; sourceTree = "<group>"; };
		4BD3A74A1CAEC3FC00627E5D /* POSTRequestContextType.swift */ = {isa = PBXFileReference; fileEncoding = 4; lastKnownFileType = sourcecode.swift; path = POSTRequestContextType.swift; sourceTree = "<group>"; };
		4BD3A74B1CAEC3FC00627E5D /* GETRequestContextType.swift */ = {isa = PBXFileReference; fileEncoding = 4; lastKnownFileType = sourcecode.swift; path = GETRequestContextType.swift; sourceTree = "<group>"; };
		4BD3A74C1CAEC3FC00627E5D /* PathRequestType.swift */ = {isa = PBXFileReference; fileEncoding = 4; lastKnownFileType = sourcecode.swift; path = PathRequestType.swift; sourceTree = "<group>"; };
		4BD3A74D1CAEC3FC00627E5D /* RESTRequestError.swift */ = {isa = PBXFileReference; fileEncoding = 4; lastKnownFileType = sourcecode.swift; path = RESTRequestError.swift; sourceTree = "<group>"; };
		4BD3A74E1CAEC3FC00627E5D /* ManagerRequestType.swift */ = {isa = PBXFileReference; fileEncoding = 4; lastKnownFileType = sourcecode.swift; path = ManagerRequestType.swift; sourceTree = "<group>"; };
		4BD3A74F1CAEC3FC00627E5D /* ReachabilityService.swift */ = {isa = PBXFileReference; fileEncoding = 4; lastKnownFileType = sourcecode.swift; path = ReachabilityService.swift; sourceTree = "<group>"; };
		4BD3A7501CAEC3FC00627E5D /* RequestContext+Rx.swift */ = {isa = PBXFileReference; fileEncoding = 4; lastKnownFileType = sourcecode.swift; path = "RequestContext+Rx.swift"; sourceTree = "<group>"; };
		4BD3A7511CAEC3FC00627E5D /* Reachability.swift */ = {isa = PBXFileReference; fileEncoding = 4; lastKnownFileType = sourcecode.swift; path = Reachability.swift; sourceTree = "<group>"; };
		4D0CB12B0343C17E9DD7C5C7 /* Pods-RESTRequest watchOS.release.xcconfig */ = {isa = PBXFileReference; includeInIndex = 1; lastKnownFileType = text.xcconfig; name = "Pods-RESTRequest watchOS.release.xcconfig"; path = "Pods/Target Support Files/Pods-RESTRequest watchOS/Pods-RESTRequest watchOS.release.xcconfig"; sourceTree = "<group>"; };
		B520F83DB493CC61C0904DD3 /* Pods-RESTRequest tvOS.release.xcconfig */ = {isa = PBXFileReference; includeInIndex = 1; lastKnownFileType = text.xcconfig; name = "Pods-RESTRequest tvOS.release.xcconfig"; path = "Pods/Target Support Files/Pods-RESTRequest tvOS/Pods-RESTRequest tvOS.release.xcconfig"; sourceTree = "<group>"; };
		BE07129A42EB5CEC3B805BE8 /* Pods_RESTRequest_tvOS.framework */ = {isa = PBXFileReference; explicitFileType = wrapper.framework; includeInIndex = 0; path = Pods_RESTRequest_tvOS.framework; sourceTree = BUILT_PRODUCTS_DIR; };
		C32C4280AAF4DA49239B5E32 /* Pods-RESTRequest tvOS.debug.xcconfig */ = {isa = PBXFileReference; includeInIndex = 1; lastKnownFileType = text.xcconfig; name = "Pods-RESTRequest tvOS.debug.xcconfig"; path = "Pods/Target Support Files/Pods-RESTRequest tvOS/Pods-RESTRequest tvOS.debug.xcconfig"; sourceTree = "<group>"; };
		C5C707948A7D0DB5A9F44127 /* Pods-RESTRequest watchOS.debug.xcconfig */ = {isa = PBXFileReference; includeInIndex = 1; lastKnownFileType = text.xcconfig; name = "Pods-RESTRequest watchOS.debug.xcconfig"; path = "Pods/Target Support Files/Pods-RESTRequest watchOS/Pods-RESTRequest watchOS.debug.xcconfig"; sourceTree = "<group>"; };
/* End PBXFileReference section */

/* Begin PBXFrameworksBuildPhase section */
		4BD3A7141CAEC37200627E5D /* Frameworks */ = {
			isa = PBXFrameworksBuildPhase;
			buildActionMask = 2147483647;
			files = (
				766E2A98216E8B380F93C842 /* Pods_RESTRequest_iOS.framework in Frameworks */,
			);
			runOnlyForDeploymentPostprocessing = 0;
		};
		4BD3A7251CAEC3D300627E5D /* Frameworks */ = {
			isa = PBXFrameworksBuildPhase;
			buildActionMask = 2147483647;
			files = (
			);
			runOnlyForDeploymentPostprocessing = 0;
		};
		4BD3A7301CAEC3D300627E5D /* Frameworks */ = {
			isa = PBXFrameworksBuildPhase;
			buildActionMask = 2147483647;
			files = (
				D8436F66957AFD982505645A /* Pods_RESTRequest_watchOS.framework in Frameworks */,
			);
			runOnlyForDeploymentPostprocessing = 0;
		};
		4BD3A73B1CAEC3D400627E5D /* Frameworks */ = {
			isa = PBXFrameworksBuildPhase;
			buildActionMask = 2147483647;
			files = (
				F2152A3DA7ED9B0348E8C655 /* Pods_RESTRequest_tvOS.framework in Frameworks */,
			);
			runOnlyForDeploymentPostprocessing = 0;
		};
/* End PBXFrameworksBuildPhase section */

/* Begin PBXGroup section */
		2DB08D6C7B0B86A1628A13BA /* Pods */ = {
			isa = PBXGroup;
			children = (
				12B4A2751B4519C8AB14F2E8 /* Pods-RESTRequest iOS.debug.xcconfig */,
				0398A7A7287B1CF5A3D0A0CD /* Pods-RESTRequest iOS.release.xcconfig */,
				C32C4280AAF4DA49239B5E32 /* Pods-RESTRequest tvOS.debug.xcconfig */,
				B520F83DB493CC61C0904DD3 /* Pods-RESTRequest tvOS.release.xcconfig */,
				C5C707948A7D0DB5A9F44127 /* Pods-RESTRequest watchOS.debug.xcconfig */,
				4D0CB12B0343C17E9DD7C5C7 /* Pods-RESTRequest watchOS.release.xcconfig */,
			);
			name = Pods;
			sourceTree = "<group>";
		};
		4BD3A70E1CAEC37200627E5D = {
			isa = PBXGroup;
			children = (
				4BD3A71A1CAEC37200627E5D /* RESTRequest */,
				4BD3A7191CAEC37200627E5D /* Products */,
				2DB08D6C7B0B86A1628A13BA /* Pods */,
				A09CC1D72AD406625E79EA51 /* Frameworks */,
			);
			sourceTree = "<group>";
		};
		4BD3A7191CAEC37200627E5D /* Products */ = {
			isa = PBXGroup;
			children = (
				4BD3A7181CAEC37200627E5D /* RESTRequest.framework */,
				4BD3A72C1CAEC3D300627E5D /* RESTRequest.framework */,
				4BD3A7371CAEC3D300627E5D /* RESTRequest.framework */,
				4BD3A7421CAEC3D400627E5D /* RESTRequest.framework */,
			);
			name = Products;
			sourceTree = "<group>";
		};
		4BD3A71A1CAEC37200627E5D /* RESTRequest */ = {
			isa = PBXGroup;
			children = (
				4BD3A7441CAEC3FC00627E5D /* SessionStackHolder.swift */,
				4BD3A7451CAEC3FC00627E5D /* AnonymousSessionStack.swift */,
				4BD3A7461CAEC3FC00627E5D /* SessionStackType.swift */,
				4BD3A7471CAEC3FC00627E5D /* JSONResponseType.swift */,
				4BD3A7481CAEC3FC00627E5D /* DELETERequestContextType.swift */,
				4BD3A7491CAEC3FC00627E5D /* PUTRequestContextType.swift */,
				4BD3A74A1CAEC3FC00627E5D /* POSTRequestContextType.swift */,
				4BD3A74B1CAEC3FC00627E5D /* GETRequestContextType.swift */,
				4BD3A74C1CAEC3FC00627E5D /* PathRequestType.swift */,
				4BD3A74D1CAEC3FC00627E5D /* RESTRequestError.swift */,
				4BD3A74E1CAEC3FC00627E5D /* ManagerRequestType.swift */,
				4BD3A74F1CAEC3FC00627E5D /* ReachabilityService.swift */,
				4BD3A7501CAEC3FC00627E5D /* RequestContext+Rx.swift */,
				4BD3A7511CAEC3FC00627E5D /* Reachability.swift */,
				4BD3A71B1CAEC37200627E5D /* RESTRequest.h */,
				4BD3A71D1CAEC37200627E5D /* Info.plist */,
			);
			path = RESTRequest;
			sourceTree = "<group>";
		};
		A09CC1D72AD406625E79EA51 /* Frameworks */ = {
			isa = PBXGroup;
			children = (
				41E99F233ADC1B986A654F0B /* Pods_RESTRequest_iOS.framework */,
				BE07129A42EB5CEC3B805BE8 /* Pods_RESTRequest_tvOS.framework */,
				42440360E80DC88F959A5455 /* Pods_RESTRequest_watchOS.framework */,
			);
			name = Frameworks;
			sourceTree = "<group>";
		};
/* End PBXGroup section */

/* Begin PBXHeadersBuildPhase section */
		4BD3A7151CAEC37200627E5D /* Headers */ = {
			isa = PBXHeadersBuildPhase;
			buildActionMask = 2147483647;
			files = (
				4BD3A71C1CAEC37200627E5D /* RESTRequest.h in Headers */,
			);
			runOnlyForDeploymentPostprocessing = 0;
		};
		4BD3A7261CAEC3D300627E5D /* Headers */ = {
			isa = PBXHeadersBuildPhase;
			buildActionMask = 2147483647;
			files = (
				4BD3A7271CAEC3D300627E5D /* RESTRequest.h in Headers */,
			);
			runOnlyForDeploymentPostprocessing = 0;
		};
		4BD3A7311CAEC3D300627E5D /* Headers */ = {
			isa = PBXHeadersBuildPhase;
			buildActionMask = 2147483647;
			files = (
				4BD3A7321CAEC3D300627E5D /* RESTRequest.h in Headers */,
			);
			runOnlyForDeploymentPostprocessing = 0;
		};
		4BD3A73C1CAEC3D400627E5D /* Headers */ = {
			isa = PBXHeadersBuildPhase;
			buildActionMask = 2147483647;
			files = (
				4BD3A73D1CAEC3D400627E5D /* RESTRequest.h in Headers */,
			);
			runOnlyForDeploymentPostprocessing = 0;
		};
/* End PBXHeadersBuildPhase section */

/* Begin PBXNativeTarget section */
		4BD3A7171CAEC37200627E5D /* RESTRequest iOS */ = {
			isa = PBXNativeTarget;
			buildConfigurationList = 4BD3A7201CAEC37200627E5D /* Build configuration list for PBXNativeTarget "RESTRequest iOS" */;
			buildPhases = (
				7E7C5639534D3CD0DA1F9175 /* Check Pods Manifest.lock */,
				4BD3A7131CAEC37200627E5D /* Sources */,
				4BD3A7141CAEC37200627E5D /* Frameworks */,
				4BD3A7151CAEC37200627E5D /* Headers */,
				4BD3A7161CAEC37200627E5D /* Resources */,
				C773B821E8E7EBFDF59AF094 /* Copy Pods Resources */,
			);
			buildRules = (
			);
			dependencies = (
			);
			name = "RESTRequest iOS";
			productName = RESTRequest;
			productReference = 4BD3A7181CAEC37200627E5D /* RESTRequest.framework */;
			productType = "com.apple.product-type.framework";
		};
		4BD3A7231CAEC3D300627E5D /* RESTRequest OSX */ = {
			isa = PBXNativeTarget;
			buildConfigurationList = 4BD3A7291CAEC3D300627E5D /* Build configuration list for PBXNativeTarget "RESTRequest OSX" */;
			buildPhases = (
				4BD3A7241CAEC3D300627E5D /* Sources */,
				4BD3A7251CAEC3D300627E5D /* Frameworks */,
				4BD3A7261CAEC3D300627E5D /* Headers */,
				4BD3A7281CAEC3D300627E5D /* Resources */,
			);
			buildRules = (
			);
			dependencies = (
			);
			name = "RESTRequest OSX";
			productName = RESTRequest;
			productReference = 4BD3A72C1CAEC3D300627E5D /* RESTRequest.framework */;
			productType = "com.apple.product-type.framework";
		};
		4BD3A72E1CAEC3D300627E5D /* RESTRequest watchOS */ = {
			isa = PBXNativeTarget;
			buildConfigurationList = 4BD3A7341CAEC3D300627E5D /* Build configuration list for PBXNativeTarget "RESTRequest watchOS" */;
			buildPhases = (
				7C2AB015EDCCA47D2ACB9EAB /* Check Pods Manifest.lock */,
				4BD3A72F1CAEC3D300627E5D /* Sources */,
				4BD3A7301CAEC3D300627E5D /* Frameworks */,
				4BD3A7311CAEC3D300627E5D /* Headers */,
				4BD3A7331CAEC3D300627E5D /* Resources */,
				05C90510ADBDF58DD1761699 /* Copy Pods Resources */,
			);
			buildRules = (
			);
			dependencies = (
			);
			name = "RESTRequest watchOS";
			productName = RESTRequest;
			productReference = 4BD3A7371CAEC3D300627E5D /* RESTRequest.framework */;
			productType = "com.apple.product-type.framework";
		};
		4BD3A7391CAEC3D400627E5D /* RESTRequest tvOS */ = {
			isa = PBXNativeTarget;
			buildConfigurationList = 4BD3A73F1CAEC3D400627E5D /* Build configuration list for PBXNativeTarget "RESTRequest tvOS" */;
			buildPhases = (
				62752DD6723F101D32FFD7EE /* Check Pods Manifest.lock */,
				4BD3A73A1CAEC3D400627E5D /* Sources */,
				4BD3A73B1CAEC3D400627E5D /* Frameworks */,
				4BD3A73C1CAEC3D400627E5D /* Headers */,
				4BD3A73E1CAEC3D400627E5D /* Resources */,
				47E4203CFECEEE42C5B355DE /* Copy Pods Resources */,
			);
			buildRules = (
			);
			dependencies = (
			);
			name = "RESTRequest tvOS";
			productName = RESTRequest;
			productReference = 4BD3A7421CAEC3D400627E5D /* RESTRequest.framework */;
			productType = "com.apple.product-type.framework";
		};
/* End PBXNativeTarget section */

/* Begin PBXProject section */
		4BD3A70F1CAEC37200627E5D /* Project object */ = {
			isa = PBXProject;
			attributes = {
				LastUpgradeCheck = 0730;
				ORGANIZATIONNAME = muukii;
				TargetAttributes = {
					4BD3A7171CAEC37200627E5D = {
						CreatedOnToolsVersion = 7.3;
					};
				};
			};
			buildConfigurationList = 4BD3A7121CAEC37200627E5D /* Build configuration list for PBXProject "RESTRequest" */;
			compatibilityVersion = "Xcode 3.2";
			developmentRegion = English;
			hasScannedForEncodings = 0;
			knownRegions = (
				en,
			);
			mainGroup = 4BD3A70E1CAEC37200627E5D;
			productRefGroup = 4BD3A7191CAEC37200627E5D /* Products */;
			projectDirPath = "";
			projectRoot = "";
			targets = (
				4BD3A7171CAEC37200627E5D /* RESTRequest iOS */,
				4BD3A7231CAEC3D300627E5D /* RESTRequest OSX */,
				4BD3A72E1CAEC3D300627E5D /* RESTRequest watchOS */,
				4BD3A7391CAEC3D400627E5D /* RESTRequest tvOS */,
			);
		};
/* End PBXProject section */

/* Begin PBXResourcesBuildPhase section */
		4BD3A7161CAEC37200627E5D /* Resources */ = {
			isa = PBXResourcesBuildPhase;
			buildActionMask = 2147483647;
			files = (
			);
			runOnlyForDeploymentPostprocessing = 0;
		};
		4BD3A7281CAEC3D300627E5D /* Resources */ = {
			isa = PBXResourcesBuildPhase;
			buildActionMask = 2147483647;
			files = (
			);
			runOnlyForDeploymentPostprocessing = 0;
		};
		4BD3A7331CAEC3D300627E5D /* Resources */ = {
			isa = PBXResourcesBuildPhase;
			buildActionMask = 2147483647;
			files = (
			);
			runOnlyForDeploymentPostprocessing = 0;
		};
		4BD3A73E1CAEC3D400627E5D /* Resources */ = {
			isa = PBXResourcesBuildPhase;
			buildActionMask = 2147483647;
			files = (
			);
			runOnlyForDeploymentPostprocessing = 0;
		};
/* End PBXResourcesBuildPhase section */

/* Begin PBXShellScriptBuildPhase section */
		05C90510ADBDF58DD1761699 /* Copy Pods Resources */ = {
			isa = PBXShellScriptBuildPhase;
			buildActionMask = 2147483647;
			files = (
			);
			inputPaths = (
			);
			name = "Copy Pods Resources";
			outputPaths = (
			);
			runOnlyForDeploymentPostprocessing = 0;
			shellPath = /bin/sh;
			shellScript = "\"${SRCROOT}/Pods/Target Support Files/Pods-RESTRequest watchOS/Pods-RESTRequest watchOS-resources.sh\"\n";
			showEnvVarsInLog = 0;
		};
		47E4203CFECEEE42C5B355DE /* Copy Pods Resources */ = {
			isa = PBXShellScriptBuildPhase;
			buildActionMask = 2147483647;
			files = (
			);
			inputPaths = (
			);
			name = "Copy Pods Resources";
			outputPaths = (
			);
			runOnlyForDeploymentPostprocessing = 0;
			shellPath = /bin/sh;
			shellScript = "\"${SRCROOT}/Pods/Target Support Files/Pods-RESTRequest tvOS/Pods-RESTRequest tvOS-resources.sh\"\n";
			showEnvVarsInLog = 0;
		};
		62752DD6723F101D32FFD7EE /* Check Pods Manifest.lock */ = {
			isa = PBXShellScriptBuildPhase;
			buildActionMask = 2147483647;
			files = (
			);
			inputPaths = (
			);
			name = "Check Pods Manifest.lock";
			outputPaths = (
			);
			runOnlyForDeploymentPostprocessing = 0;
			shellPath = /bin/sh;
			shellScript = "diff \"${PODS_ROOT}/../Podfile.lock\" \"${PODS_ROOT}/Manifest.lock\" > /dev/null\nif [[ $? != 0 ]] ; then\n    cat << EOM\nerror: The sandbox is not in sync with the Podfile.lock. Run 'pod install' or update your CocoaPods installation.\nEOM\n    exit 1\nfi\n";
			showEnvVarsInLog = 0;
		};
		7C2AB015EDCCA47D2ACB9EAB /* Check Pods Manifest.lock */ = {
			isa = PBXShellScriptBuildPhase;
			buildActionMask = 2147483647;
			files = (
			);
			inputPaths = (
			);
			name = "Check Pods Manifest.lock";
			outputPaths = (
			);
			runOnlyForDeploymentPostprocessing = 0;
			shellPath = /bin/sh;
			shellScript = "diff \"${PODS_ROOT}/../Podfile.lock\" \"${PODS_ROOT}/Manifest.lock\" > /dev/null\nif [[ $? != 0 ]] ; then\n    cat << EOM\nerror: The sandbox is not in sync with the Podfile.lock. Run 'pod install' or update your CocoaPods installation.\nEOM\n    exit 1\nfi\n";
			showEnvVarsInLog = 0;
		};
		7E7C5639534D3CD0DA1F9175 /* Check Pods Manifest.lock */ = {
			isa = PBXShellScriptBuildPhase;
			buildActionMask = 2147483647;
			files = (
			);
			inputPaths = (
			);
			name = "Check Pods Manifest.lock";
			outputPaths = (
			);
			runOnlyForDeploymentPostprocessing = 0;
			shellPath = /bin/sh;
			shellScript = "diff \"${PODS_ROOT}/../Podfile.lock\" \"${PODS_ROOT}/Manifest.lock\" > /dev/null\nif [[ $? != 0 ]] ; then\n    cat << EOM\nerror: The sandbox is not in sync with the Podfile.lock. Run 'pod install' or update your CocoaPods installation.\nEOM\n    exit 1\nfi\n";
			showEnvVarsInLog = 0;
		};
		C773B821E8E7EBFDF59AF094 /* Copy Pods Resources */ = {
			isa = PBXShellScriptBuildPhase;
			buildActionMask = 2147483647;
			files = (
			);
			inputPaths = (
			);
			name = "Copy Pods Resources";
			outputPaths = (
			);
			runOnlyForDeploymentPostprocessing = 0;
			shellPath = /bin/sh;
			shellScript = "\"${SRCROOT}/Pods/Target Support Files/Pods-RESTRequest iOS/Pods-RESTRequest iOS-resources.sh\"\n";
			showEnvVarsInLog = 0;
		};
/* End PBXShellScriptBuildPhase section */

/* Begin PBXSourcesBuildPhase section */
		4BD3A7131CAEC37200627E5D /* Sources */ = {
			isa = PBXSourcesBuildPhase;
			buildActionMask = 2147483647;
			files = (
				4BD3A7861CAEC3FC00627E5D /* Reachability.swift in Sources */,
				4BD3A75E1CAEC3FC00627E5D /* JSONResponseType.swift in Sources */,
				4BD3A7721CAEC3FC00627E5D /* PathRequestType.swift in Sources */,
				4BD3A77E1CAEC3FC00627E5D /* ReachabilityService.swift in Sources */,
				4BD3A7761CAEC3FC00627E5D /* RESTRequestError.swift in Sources */,
				4BD3A76A1CAEC3FC00627E5D /* POSTRequestContextType.swift in Sources */,
				4BD3A76E1CAEC3FC00627E5D /* GETRequestContextType.swift in Sources */,
				4BD3A7661CAEC3FC00627E5D /* PUTRequestContextType.swift in Sources */,
				4BD3A7821CAEC3FC00627E5D /* RequestContext+Rx.swift in Sources */,
				4BD3A77A1CAEC3FC00627E5D /* ManagerRequestType.swift in Sources */,
				4BD3A7621CAEC3FC00627E5D /* DELETERequestContextType.swift in Sources */,
				4BD3A7521CAEC3FC00627E5D /* SessionStackHolder.swift in Sources */,
				4BD3A75A1CAEC3FC00627E5D /* SessionStackType.swift in Sources */,
				4BD3A7561CAEC3FC00627E5D /* AnonymousSessionStack.swift in Sources */,
			);
			runOnlyForDeploymentPostprocessing = 0;
		};
		4BD3A7241CAEC3D300627E5D /* Sources */ = {
			isa = PBXSourcesBuildPhase;
			buildActionMask = 2147483647;
			files = (
				4BD3A7871CAEC3FC00627E5D /* Reachability.swift in Sources */,
				4BD3A75F1CAEC3FC00627E5D /* JSONResponseType.swift in Sources */,
				4BD3A7731CAEC3FC00627E5D /* PathRequestType.swift in Sources */,
				4BD3A77F1CAEC3FC00627E5D /* ReachabilityService.swift in Sources */,
				4BD3A7771CAEC3FC00627E5D /* RESTRequestError.swift in Sources */,
				4BD3A76B1CAEC3FC00627E5D /* POSTRequestContextType.swift in Sources */,
				4BD3A76F1CAEC3FC00627E5D /* GETRequestContextType.swift in Sources */,
				4BD3A7671CAEC3FC00627E5D /* PUTRequestContextType.swift in Sources */,
				4BD3A7831CAEC3FC00627E5D /* RequestContext+Rx.swift in Sources */,
				4BD3A77B1CAEC3FC00627E5D /* ManagerRequestType.swift in Sources */,
				4BD3A7631CAEC3FC00627E5D /* DELETERequestContextType.swift in Sources */,
				4BD3A7531CAEC3FC00627E5D /* SessionStackHolder.swift in Sources */,
				4BD3A75B1CAEC3FC00627E5D /* SessionStackType.swift in Sources */,
				4BD3A7571CAEC3FC00627E5D /* AnonymousSessionStack.swift in Sources */,
			);
			runOnlyForDeploymentPostprocessing = 0;
		};
		4BD3A72F1CAEC3D300627E5D /* Sources */ = {
			isa = PBXSourcesBuildPhase;
			buildActionMask = 2147483647;
			files = (
				4BD3A7881CAEC3FC00627E5D /* Reachability.swift in Sources */,
				4BD3A7601CAEC3FC00627E5D /* JSONResponseType.swift in Sources */,
				4BD3A7741CAEC3FC00627E5D /* PathRequestType.swift in Sources */,
				4BD3A7801CAEC3FC00627E5D /* ReachabilityService.swift in Sources */,
				4BD3A7781CAEC3FC00627E5D /* RESTRequestError.swift in Sources */,
				4BD3A76C1CAEC3FC00627E5D /* POSTRequestContextType.swift in Sources */,
				4BD3A7701CAEC3FC00627E5D /* GETRequestContextType.swift in Sources */,
				4BD3A7681CAEC3FC00627E5D /* PUTRequestContextType.swift in Sources */,
				4BD3A7841CAEC3FC00627E5D /* RequestContext+Rx.swift in Sources */,
				4BD3A77C1CAEC3FC00627E5D /* ManagerRequestType.swift in Sources */,
				4BD3A7641CAEC3FC00627E5D /* DELETERequestContextType.swift in Sources */,
				4BD3A7541CAEC3FC00627E5D /* SessionStackHolder.swift in Sources */,
				4BD3A75C1CAEC3FC00627E5D /* SessionStackType.swift in Sources */,
				4BD3A7581CAEC3FC00627E5D /* AnonymousSessionStack.swift in Sources */,
			);
			runOnlyForDeploymentPostprocessing = 0;
		};
		4BD3A73A1CAEC3D400627E5D /* Sources */ = {
			isa = PBXSourcesBuildPhase;
			buildActionMask = 2147483647;
			files = (
				4BD3A7891CAEC3FC00627E5D /* Reachability.swift in Sources */,
				4BD3A7611CAEC3FC00627E5D /* JSONResponseType.swift in Sources */,
				4BD3A7751CAEC3FC00627E5D /* PathRequestType.swift in Sources */,
				4BD3A7811CAEC3FC00627E5D /* ReachabilityService.swift in Sources */,
				4BD3A7791CAEC3FC00627E5D /* RESTRequestError.swift in Sources */,
				4BD3A76D1CAEC3FC00627E5D /* POSTRequestContextType.swift in Sources */,
				4BD3A7711CAEC3FC00627E5D /* GETRequestContextType.swift in Sources */,
				4BD3A7691CAEC3FC00627E5D /* PUTRequestContextType.swift in Sources */,
				4BD3A7851CAEC3FC00627E5D /* RequestContext+Rx.swift in Sources */,
				4BD3A77D1CAEC3FC00627E5D /* ManagerRequestType.swift in Sources */,
				4BD3A7651CAEC3FC00627E5D /* DELETERequestContextType.swift in Sources */,
				4BD3A7551CAEC3FC00627E5D /* SessionStackHolder.swift in Sources */,
				4BD3A75D1CAEC3FC00627E5D /* SessionStackType.swift in Sources */,
				4BD3A7591CAEC3FC00627E5D /* AnonymousSessionStack.swift in Sources */,
			);
			runOnlyForDeploymentPostprocessing = 0;
		};
/* End PBXSourcesBuildPhase section */

/* Begin XCBuildConfiguration section */
		4BD3A71E1CAEC37200627E5D /* Debug */ = {
			isa = XCBuildConfiguration;
			buildSettings = {
				ALWAYS_SEARCH_USER_PATHS = NO;
				CLANG_ANALYZER_NONNULL = YES;
				CLANG_CXX_LANGUAGE_STANDARD = "gnu++0x";
				CLANG_CXX_LIBRARY = "libc++";
				CLANG_ENABLE_MODULES = YES;
				CLANG_ENABLE_OBJC_ARC = YES;
				CLANG_WARN_BOOL_CONVERSION = YES;
				CLANG_WARN_CONSTANT_CONVERSION = YES;
				CLANG_WARN_DIRECT_OBJC_ISA_USAGE = YES_ERROR;
				CLANG_WARN_EMPTY_BODY = YES;
				CLANG_WARN_ENUM_CONVERSION = YES;
				CLANG_WARN_INT_CONVERSION = YES;
				CLANG_WARN_OBJC_ROOT_CLASS = YES_ERROR;
				CLANG_WARN_UNREACHABLE_CODE = YES;
				CLANG_WARN__DUPLICATE_METHOD_MATCH = YES;
				"CODE_SIGN_IDENTITY[sdk=iphoneos*]" = "iPhone Developer";
				COPY_PHASE_STRIP = NO;
				CURRENT_PROJECT_VERSION = 1;
				DEBUG_INFORMATION_FORMAT = dwarf;
				ENABLE_STRICT_OBJC_MSGSEND = YES;
				ENABLE_TESTABILITY = YES;
				GCC_C_LANGUAGE_STANDARD = gnu99;
				GCC_DYNAMIC_NO_PIC = NO;
				GCC_NO_COMMON_BLOCKS = YES;
				GCC_OPTIMIZATION_LEVEL = 0;
				GCC_PREPROCESSOR_DEFINITIONS = (
					"DEBUG=1",
					"$(inherited)",
				);
				GCC_WARN_64_TO_32_BIT_CONVERSION = YES;
				GCC_WARN_ABOUT_RETURN_TYPE = YES_ERROR;
				GCC_WARN_UNDECLARED_SELECTOR = YES;
				GCC_WARN_UNINITIALIZED_AUTOS = YES_AGGRESSIVE;
				GCC_WARN_UNUSED_FUNCTION = YES;
				GCC_WARN_UNUSED_VARIABLE = YES;
				IPHONEOS_DEPLOYMENT_TARGET = 8.0;
				MACOSX_DEPLOYMENT_TARGET = 10.9;
				MTL_ENABLE_DEBUG_INFO = YES;
				ONLY_ACTIVE_ARCH = YES;
				SDKROOT = iphoneos;
				SWIFT_OPTIMIZATION_LEVEL = "-Onone";
				TARGETED_DEVICE_FAMILY = "1,2";
				VERSIONING_SYSTEM = "apple-generic";
				VERSION_INFO_PREFIX = "";
			};
			name = Debug;
		};
		4BD3A71F1CAEC37200627E5D /* Release */ = {
			isa = XCBuildConfiguration;
			buildSettings = {
				ALWAYS_SEARCH_USER_PATHS = NO;
				CLANG_ANALYZER_NONNULL = YES;
				CLANG_CXX_LANGUAGE_STANDARD = "gnu++0x";
				CLANG_CXX_LIBRARY = "libc++";
				CLANG_ENABLE_MODULES = YES;
				CLANG_ENABLE_OBJC_ARC = YES;
				CLANG_WARN_BOOL_CONVERSION = YES;
				CLANG_WARN_CONSTANT_CONVERSION = YES;
				CLANG_WARN_DIRECT_OBJC_ISA_USAGE = YES_ERROR;
				CLANG_WARN_EMPTY_BODY = YES;
				CLANG_WARN_ENUM_CONVERSION = YES;
				CLANG_WARN_INT_CONVERSION = YES;
				CLANG_WARN_OBJC_ROOT_CLASS = YES_ERROR;
				CLANG_WARN_UNREACHABLE_CODE = YES;
				CLANG_WARN__DUPLICATE_METHOD_MATCH = YES;
				"CODE_SIGN_IDENTITY[sdk=iphoneos*]" = "iPhone Developer";
				COPY_PHASE_STRIP = NO;
				CURRENT_PROJECT_VERSION = 1;
				DEBUG_INFORMATION_FORMAT = "dwarf-with-dsym";
				ENABLE_NS_ASSERTIONS = NO;
				ENABLE_STRICT_OBJC_MSGSEND = YES;
				GCC_C_LANGUAGE_STANDARD = gnu99;
				GCC_NO_COMMON_BLOCKS = YES;
				GCC_WARN_64_TO_32_BIT_CONVERSION = YES;
				GCC_WARN_ABOUT_RETURN_TYPE = YES_ERROR;
				GCC_WARN_UNDECLARED_SELECTOR = YES;
				GCC_WARN_UNINITIALIZED_AUTOS = YES_AGGRESSIVE;
				GCC_WARN_UNUSED_FUNCTION = YES;
				GCC_WARN_UNUSED_VARIABLE = YES;
				IPHONEOS_DEPLOYMENT_TARGET = 8.0;
				MACOSX_DEPLOYMENT_TARGET = 10.9;
				MTL_ENABLE_DEBUG_INFO = NO;
				SDKROOT = iphoneos;
				TARGETED_DEVICE_FAMILY = "1,2";
				VALIDATE_PRODUCT = YES;
				VERSIONING_SYSTEM = "apple-generic";
				VERSION_INFO_PREFIX = "";
			};
			name = Release;
		};
		4BD3A7211CAEC37200627E5D /* Debug */ = {
			isa = XCBuildConfiguration;
			baseConfigurationReference = 12B4A2751B4519C8AB14F2E8 /* Pods-RESTRequest iOS.debug.xcconfig */;
			buildSettings = {
				CLANG_ENABLE_MODULES = YES;
				DEFINES_MODULE = YES;
				DYLIB_COMPATIBILITY_VERSION = 1;
				DYLIB_CURRENT_VERSION = 1;
				DYLIB_INSTALL_NAME_BASE = "@rpath";
				INFOPLIST_FILE = RESTRequest/Info.plist;
				INSTALL_PATH = "$(LOCAL_LIBRARY_DIR)/Frameworks";
				LD_RUNPATH_SEARCH_PATHS = "$(inherited) @executable_path/Frameworks @loader_path/Frameworks";
				PRODUCT_BUNDLE_IDENTIFIER = me.muukii.RESTRequest;
				PRODUCT_NAME = RESTRequest;
				SDKROOT = iphoneos9.3;
				SKIP_INSTALL = YES;
				SWIFT_OPTIMIZATION_LEVEL = "-Onone";
			};
			name = Debug;
		};
		4BD3A7221CAEC37200627E5D /* Release */ = {
			isa = XCBuildConfiguration;
			baseConfigurationReference = 0398A7A7287B1CF5A3D0A0CD /* Pods-RESTRequest iOS.release.xcconfig */;
			buildSettings = {
				CLANG_ENABLE_MODULES = YES;
				DEFINES_MODULE = YES;
				DYLIB_COMPATIBILITY_VERSION = 1;
				DYLIB_CURRENT_VERSION = 1;
				DYLIB_INSTALL_NAME_BASE = "@rpath";
				INFOPLIST_FILE = RESTRequest/Info.plist;
				INSTALL_PATH = "$(LOCAL_LIBRARY_DIR)/Frameworks";
				LD_RUNPATH_SEARCH_PATHS = "$(inherited) @executable_path/Frameworks @loader_path/Frameworks";
				PRODUCT_BUNDLE_IDENTIFIER = me.muukii.RESTRequest;
				PRODUCT_NAME = RESTRequest;
				SDKROOT = iphoneos9.3;
				SKIP_INSTALL = YES;
			};
			name = Release;
		};
		4BD3A72A1CAEC3D300627E5D /* Debug */ = {
			isa = XCBuildConfiguration;
			buildSettings = {
				CLANG_ENABLE_MODULES = YES;
				DEFINES_MODULE = YES;
				DYLIB_COMPATIBILITY_VERSION = 1;
				DYLIB_CURRENT_VERSION = 1;
				DYLIB_INSTALL_NAME_BASE = "@rpath";
				INFOPLIST_FILE = RESTRequest/Info.plist;
				INSTALL_PATH = "$(LOCAL_LIBRARY_DIR)/Frameworks";
				LD_RUNPATH_SEARCH_PATHS = "$(inherited) @executable_path/Frameworks @loader_path/Frameworks";
				PRODUCT_BUNDLE_IDENTIFIER = me.muukii.RESTRequest;
				PRODUCT_NAME = RESTRequest;
				SDKROOT = macosx10.11;
				SKIP_INSTALL = YES;
				SWIFT_OPTIMIZATION_LEVEL = "-Onone";
			};
			name = Debug;
		};
		4BD3A72B1CAEC3D300627E5D /* Release */ = {
			isa = XCBuildConfiguration;
			buildSettings = {
				CLANG_ENABLE_MODULES = YES;
				DEFINES_MODULE = YES;
				DYLIB_COMPATIBILITY_VERSION = 1;
				DYLIB_CURRENT_VERSION = 1;
				DYLIB_INSTALL_NAME_BASE = "@rpath";
				INFOPLIST_FILE = RESTRequest/Info.plist;
				INSTALL_PATH = "$(LOCAL_LIBRARY_DIR)/Frameworks";
				LD_RUNPATH_SEARCH_PATHS = "$(inherited) @executable_path/Frameworks @loader_path/Frameworks";
				PRODUCT_BUNDLE_IDENTIFIER = me.muukii.RESTRequest;
				PRODUCT_NAME = RESTRequest;
				SDKROOT = macosx10.11;
				SKIP_INSTALL = YES;
			};
			name = Release;
		};
		4BD3A7351CAEC3D300627E5D /* Debug */ = {
			isa = XCBuildConfiguration;
			baseConfigurationReference = C5C707948A7D0DB5A9F44127 /* Pods-RESTRequest watchOS.debug.xcconfig */;
			buildSettings = {
				CLANG_ENABLE_MODULES = YES;
				DEFINES_MODULE = YES;
				DYLIB_COMPATIBILITY_VERSION = 1;
				DYLIB_CURRENT_VERSION = 1;
				DYLIB_INSTALL_NAME_BASE = "@rpath";
				INFOPLIST_FILE = RESTRequest/Info.plist;
				INSTALL_PATH = "$(LOCAL_LIBRARY_DIR)/Frameworks";
				LD_RUNPATH_SEARCH_PATHS = "$(inherited) @executable_path/Frameworks @loader_path/Frameworks";
				PRODUCT_BUNDLE_IDENTIFIER = me.muukii.RESTRequest;
				PRODUCT_NAME = RESTRequest;
				SDKROOT = watchos2.2;
				SKIP_INSTALL = YES;
				SWIFT_OPTIMIZATION_LEVEL = "-Onone";
				WATCHOS_DEPLOYMENT_TARGET = 2.0;
			};
			name = Debug;
		};
		4BD3A7361CAEC3D300627E5D /* Release */ = {
			isa = XCBuildConfiguration;
			baseConfigurationReference = 4D0CB12B0343C17E9DD7C5C7 /* Pods-RESTRequest watchOS.release.xcconfig */;
			buildSettings = {
				CLANG_ENABLE_MODULES = YES;
				DEFINES_MODULE = YES;
				DYLIB_COMPATIBILITY_VERSION = 1;
				DYLIB_CURRENT_VERSION = 1;
				DYLIB_INSTALL_NAME_BASE = "@rpath";
				INFOPLIST_FILE = RESTRequest/Info.plist;
				INSTALL_PATH = "$(LOCAL_LIBRARY_DIR)/Frameworks";
				LD_RUNPATH_SEARCH_PATHS = "$(inherited) @executable_path/Frameworks @loader_path/Frameworks";
				PRODUCT_BUNDLE_IDENTIFIER = me.muukii.RESTRequest;
				PRODUCT_NAME = RESTRequest;
				SDKROOT = watchos2.2;
				SKIP_INSTALL = YES;
				WATCHOS_DEPLOYMENT_TARGET = 2.0;
			};
			name = Release;
		};
		4BD3A7401CAEC3D400627E5D /* Debug */ = {
			isa = XCBuildConfiguration;
			baseConfigurationReference = C32C4280AAF4DA49239B5E32 /* Pods-RESTRequest tvOS.debug.xcconfig */;
			buildSettings = {
				CLANG_ENABLE_MODULES = YES;
				DEFINES_MODULE = YES;
				DYLIB_COMPATIBILITY_VERSION = 1;
				DYLIB_CURRENT_VERSION = 1;
				DYLIB_INSTALL_NAME_BASE = "@rpath";
				INFOPLIST_FILE = RESTRequest/Info.plist;
				INSTALL_PATH = "$(LOCAL_LIBRARY_DIR)/Frameworks";
				LD_RUNPATH_SEARCH_PATHS = "$(inherited) @executable_path/Frameworks @loader_path/Frameworks";
				PRODUCT_BUNDLE_IDENTIFIER = me.muukii.RESTRequest;
				PRODUCT_NAME = RESTRequest;
				SDKROOT = appletvos9.2;
				SKIP_INSTALL = YES;
				SWIFT_OPTIMIZATION_LEVEL = "-Onone";
				TVOS_DEPLOYMENT_TARGET = 9.0;
			};
			name = Debug;
		};
		4BD3A7411CAEC3D400627E5D /* Release */ = {
			isa = XCBuildConfiguration;
			baseConfigurationReference = B520F83DB493CC61C0904DD3 /* Pods-RESTRequest tvOS.release.xcconfig */;
			buildSettings = {
				CLANG_ENABLE_MODULES = YES;
				DEFINES_MODULE = YES;
				DYLIB_COMPATIBILITY_VERSION = 1;
				DYLIB_CURRENT_VERSION = 1;
				DYLIB_INSTALL_NAME_BASE = "@rpath";
				INFOPLIST_FILE = RESTRequest/Info.plist;
				INSTALL_PATH = "$(LOCAL_LIBRARY_DIR)/Frameworks";
				LD_RUNPATH_SEARCH_PATHS = "$(inherited) @executable_path/Frameworks @loader_path/Frameworks";
				PRODUCT_BUNDLE_IDENTIFIER = me.muukii.RESTRequest;
				PRODUCT_NAME = RESTRequest;
				SDKROOT = appletvos9.2;
				SKIP_INSTALL = YES;
				TVOS_DEPLOYMENT_TARGET = 9.0;
			};
			name = Release;
		};
/* End XCBuildConfiguration section */

/* Begin XCConfigurationList section */
		4BD3A7121CAEC37200627E5D /* Build configuration list for PBXProject "RESTRequest" */ = {
			isa = XCConfigurationList;
			buildConfigurations = (
				4BD3A71E1CAEC37200627E5D /* Debug */,
				4BD3A71F1CAEC37200627E5D /* Release */,
			);
			defaultConfigurationIsVisible = 0;
			defaultConfigurationName = Release;
		};
		4BD3A7201CAEC37200627E5D /* Build configuration list for PBXNativeTarget "RESTRequest iOS" */ = {
			isa = XCConfigurationList;
			buildConfigurations = (
				4BD3A7211CAEC37200627E5D /* Debug */,
				4BD3A7221CAEC37200627E5D /* Release */,
			);
			defaultConfigurationIsVisible = 0;
			defaultConfigurationName = Release;
		};
		4BD3A7291CAEC3D300627E5D /* Build configuration list for PBXNativeTarget "RESTRequest OSX" */ = {
			isa = XCConfigurationList;
			buildConfigurations = (
				4BD3A72A1CAEC3D300627E5D /* Debug */,
				4BD3A72B1CAEC3D300627E5D /* Release */,
			);
			defaultConfigurationIsVisible = 0;
			defaultConfigurationName = Release;
		};
		4BD3A7341CAEC3D300627E5D /* Build configuration list for PBXNativeTarget "RESTRequest watchOS" */ = {
			isa = XCConfigurationList;
			buildConfigurations = (
				4BD3A7351CAEC3D300627E5D /* Debug */,
				4BD3A7361CAEC3D300627E5D /* Release */,
			);
			defaultConfigurationIsVisible = 0;
			defaultConfigurationName = Release;
		};
		4BD3A73F1CAEC3D400627E5D /* Build configuration list for PBXNativeTarget "RESTRequest tvOS" */ = {
			isa = XCConfigurationList;
			buildConfigurations = (
				4BD3A7401CAEC3D400627E5D /* Debug */,
				4BD3A7411CAEC3D400627E5D /* Release */,
			);
			defaultConfigurationIsVisible = 0;
			defaultConfigurationName = Release;
		};
/* End XCConfigurationList section */
	};
	rootObject = 4BD3A70F1CAEC37200627E5D /* Project object */;
}
